
Microsoft Visual Studio Solution File, Format Version 12.00
# Visual Studio Version 17
VisualStudioVersion = 17.3.32804.467
MinimumVisualStudioVersion = 10.0.40219.1
Project("{FAE04EC0-301F-11D3-BF4B-00C04F79EFBC}") = "Features", "LinqSamples\Features.csproj", "{011107FD-2983-4BCD-ABE6-B40F327EEADB}"
EndProject
Project("{FAE04EC0-301F-11D3-BF4B-00C04F79EFBC}") = "Queries", "Queries\Queries.csproj", "{94748237-9DF1-432F-89FD-EB1A0587B093}"
EndProject
Project("{FAE04EC0-301F-11D3-BF4B-00C04F79EFBC}") = "Introduction", "Introduction\Introduction.csproj", "{6DD63134-0497-4979-9D4D-09DD5C29844B}"
EndProject
Global
	GlobalSection(SolutionConfigurationPlatforms) = preSolution
		Debug|Any CPU = Debug|Any CPU
		Release|Any CPU = Release|Any CPU
	EndGlobalSection
	GlobalSection(ProjectConfigurationPlatforms) = postSolution
		{011107FD-2983-4BCD-ABE6-B40F327EEADB}.Debug|Any CPU.ActiveCfg = Debug|Any CPU
		{011107FD-2983-4BCD-ABE6-B40F327EEADB}.Debug|Any CPU.Build.0 = Debug|Any CPU
		{011107FD-2983-4BCD-ABE6-B40F327EEADB}.Release|Any CPU.ActiveCfg = Release|Any CPU
		{011107FD-2983-4BCD-ABE6-B40F327EEADB}.Release|Any CPU.Build.0 = Release|Any CPU
		{94748237-9DF1-432F-89FD-EB1A0587B093}.Debug|Any CPU.ActiveCfg = Debug|Any CPU
		{94748237-9DF1-432F-89FD-EB1A0587B093}.Debug|Any CPU.Build.0 = Debug|Any CPU
		{94748237-9DF1-432F-89FD-EB1A0587B093}.Release|Any CPU.ActiveCfg = Release|Any CPU
		{94748237-9DF1-432F-89FD-EB1A0587B093}.Release|Any CPU.Build.0 = Release|Any CPU
		{6DD63134-0497-4979-9D4D-09DD5C29844B}.Debug|Any CPU.ActiveCfg = Debug|Any CPU
		{6DD63134-0497-4979-9D4D-09DD5C29844B}.Debug|Any CPU.Build.0 = Debug|Any CPU
		{6DD63134-0497-4979-9D4D-09DD5C29844B}.Release|Any CPU.ActiveCfg = Release|Any CPU
		{6DD63134-0497-4979-9D4D-09DD5C29844B}.Release|Any CPU.Build.0 = Release|Any CPU
	EndGlobalSection
	GlobalSection(SolutionProperties) = preSolution
		HideSolutionNode = FALSE
	EndGlobalSection
	GlobalSection(ExtensibilityGlobals) = postSolution
		SolutionGuid = {162D4744-9B93-4918-AF16-8DB893E89114}
	EndGlobalSection
EndGlobal
